
Microsoft Visual Studio Solution File, Format Version 12.00
# Visual Studio Version 16
VisualStudioVersion = 16.0.29403.142
MinimumVisualStudioVersion = 10.0.40219.1
Project("{9A19103F-16F7-4668-BE54-9A1E7A4F7556}") = "DesignPatterns", "DesignPatterns.csproj", "{B76F26D4-6D95-4015-924F-C976EB8863CF}"
EndProject
Global
	GlobalSection(SolutionConfigurationPlatforms) = preSolution
		Debug|Any CPU = Debug|Any CPU
		Release|Any CPU = Release|Any CPU
	EndGlobalSection
	GlobalSection(ProjectConfigurationPlatforms) = postSolution
		{B76F26D4-6D95-4015-924F-C976EB8863CF}.Debug|Any CPU.ActiveCfg = Debug|Any CPU
		{B76F26D4-6D95-4015-924F-C976EB8863CF}.Debug|Any CPU.Build.0 = Debug|Any CPU
		{B76F26D4-6D95-4015-924F-C976EB8863CF}.Release|Any CPU.ActiveCfg = Release|Any CPU
		{B76F26D4-6D95-4015-924F-C976EB8863CF}.Release|Any CPU.Build.0 = Release|Any CPU
	EndGlobalSection
	GlobalSection(SolutionProperties) = preSolution
		HideSolutionNode = FALSE
	EndGlobalSection
	GlobalSection(ExtensibilityGlobals) = postSolution
		SolutionGuid = {BB89EF54-7D2E-4EFB-807A-2E6A6A5E473F}
	EndGlobalSection
EndGlobal
